PODS:
  - audioplayers_darwin (0.0.1):
    - Flutter
    - FlutterMacOS
  - camera_avfoundation (0.0.1):
    - Flutter
  - Flutter (1.0.0)
  - flutter_native_splash (2.4.3):
    - Flutter
  - gallery_saver (0.0.1):
    - Flutter
  - geolocator_apple (1.2.0):
    - Flutter
    - FlutterMacOS
  - Google-Maps-iOS-Utils (6.1.0):
    - GoogleMaps (~> 9.0)
  - google_maps_flutter_ios (0.0.1):
    - Flutter
    - Google-Maps-iOS-Utils (< 7.0, >= 5.0)
    - GoogleMaps (< 11.0, >= 8.4)
  - GoogleMaps (9.4.0):
    - GoogleMaps/Maps (= 9.4.0)
  - GoogleMaps/Maps (9.4.0)
  - image_picker_ios (0.0.1):
    - Flutter
  - nfc_manager (0.0.1):
    - Flutter
  - package_info_plus (0.4.5):
    - Flutter
  - permission_handler_apple (9.3.0):
    - Flutter
  - sqlite3 (3.52.0):
    - sqlite3/common (= 3.52.0)
  - sqlite3/common (3.52.0)
  - sqlite3/dbstatvtab (3.52.0):
    - sqlite3/common
  - sqlite3/fts5 (3.52.0):
    - sqlite3/common
  - sqlite3/math (3.52.0):
    - sqlite3/common
  - sqlite3/perf-threadsafe (3.52.0):
    - sqlite3/common
  - sqlite3/rtree (3.52.0):
    - sqlite3/common
  - sqlite3/session (3.52.0):
    - sqlite3/common
  - sqlite3_flutter_libs (0.0.1):
    - Flutter
    - FlutterMacOS
    - sqlite3 (~> 3.52.0)
    - sqlite3/dbstatvtab
    - sqlite3/fts5
    - sqlite3/math
    - sqlite3/perf-threadsafe
    - sqlite3/rtree
    - sqlite3/session
  - url_launcher_ios (0.0.1):
    - Flutter
  - video_player_avfoundation (0.0.1):
    - Flutter
    - FlutterMacOS

DEPENDENCIES:
  - audioplayers_darwin (from `.symlinks/plugins/audioplayers_darwin/darwin`)
  - camera_avfoundation (from `.symlinks/plugins/camera_avfoundation/ios`)
  - Flutter (from `Flutter`)
  - flutter_native_splash (from `.symlinks/plugins/flutter_native_splash/ios`)
  - gallery_saver (from `.symlinks/plugins/gallery_saver/ios`)
  - geolocator_apple (from `.symlinks/plugins/geolocator_apple/darwin`)
  - google_maps_flutter_ios (from `.symlinks/plugins/google_maps_flutter_ios/ios`)
  - image_picker_ios (from `.symlinks/plugins/image_picker_ios/ios`)
  - nfc_manager (from `.symlinks/plugins/nfc_manager/ios`)
  - package_info_plus (from `.symlinks/plugins/package_info_plus/ios`)
  - permission_handler_apple (from `.symlinks/plugins/permission_handler_apple/ios`)
  - sqlite3_flutter_libs (from `.symlinks/plugins/sqlite3_flutter_libs/darwin`)
  - url_launcher_ios (from `.symlinks/plugins/url_launcher_ios/ios`)
  - video_player_avfoundation (from `.symlinks/plugins/video_player_avfoundation/darwin`)

SPEC REPOS:
  trunk:
    - Google-Maps-iOS-Utils
    - GoogleMaps
    - sqlite3

EXTERNAL SOURCES:
  audioplayers_darwin:
    :path: ".symlinks/plugins/audioplayers_darwin/darwin"
  camera_avfoundation:
    :path: ".symlinks/plugins/camera_avfoundation/ios"
  Flutter:
    :path: Flutter
  flutter_native_splash:
    :path: ".symlinks/plugins/flutter_native_splash/ios"
  gallery_saver:
    :path: ".symlinks/plugins/gallery_saver/ios"
  geolocator_apple:
    :path: ".symlinks/plugins/geolocator_apple/darwin"
  google_maps_flutter_ios:
    :path: ".symlinks/plugins/google_maps_flutter_ios/ios"
  image_picker_ios:
    :path: ".symlinks/plugins/image_picker_ios/ios"
  nfc_manager:
    :path: ".symlinks/plugins/nfc_manager/ios"
  package_info_plus:
    :path: ".symlinks/plugins/package_info_plus/ios"
  permission_handler_apple:
    :path: ".symlinks/plugins/permission_handler_apple/ios"
  sqlite3_flutter_libs:
    :path: ".symlinks/plugins/sqlite3_flutter_libs/darwin"
  url_launcher_ios:
    :path: ".symlinks/plugins/url_launcher_ios/ios"
  video_player_avfoundation:
    :path: ".symlinks/plugins/video_player_avfoundation/darwin"

SPEC CHECKSUMS:
  audioplayers_darwin: 835ced6edd4c9fc8ebb0a7cc9e294a91d99917d5
  camera_avfoundation: 968a9a5323c79a99c166ad9d7866bfd2047b5a9b
  Flutter: cabc95a1d2626b1b06e7179b784ebcf0c0cde467
  flutter_native_splash: c32d145d68aeda5502d5f543ee38c192065986cf
  gallery_saver: 1d68d1818df11b1afa84a97d1a530463753e92e3
  geolocator_apple: ab36aa0e8b7d7a2d7639b3b4e48308394e8cef5e
  Google-Maps-iOS-Utils: 0a484b05ed21d88c9f9ebbacb007956edd508a96
  google_maps_flutter_ios: 0cf046caf50b00d95071f79e8031fcd5ef902beb
  GoogleMaps: 0608099d4870cac8754bdba9b6953db543432438
  image_picker_ios: e0ece4aa2a75771a7de3fa735d26d90817041326
  nfc_manager: f6d5609c09b4640b914a3dc67479a2e392965fd0
  package_info_plus: af8e2ca6888548050f16fa2f1938db7b5a5df499
  permission_handler_apple: 4ed2196e43d0651e8ff7ca3483a069d469701f2d
  sqlite3: a51c07cf16e023d6c48abd5e5791a61a47354921
  sqlite3_flutter_libs: b3e120efe9a82017e5552a620f696589ed4f62ab
  url_launcher_ios: 7a95fa5b60cc718a708b8f2966718e93db0cef1b
  video_player_avfoundation: dd410b52df6d2466a42d28550e33e4146928280a

PODFILE CHECKSUM: f86bd703ed454c269f44b70cc5d823e5eaad9e84

COCOAPODS: 1.16.2
